
Microsoft Visual Studio Solution File, Format Version 12.00
# Visual Studio Version 17
VisualStudioVersion = 17.10.34607.79
MinimumVisualStudioVersion = 10.0.40219.1
Project("{FAE04EC0-301F-11D3-BF4B-00C04F79EFBC}") = "Module_18_Pattern_WPF_HomeWork", "Module_18_Patern_WPF_HomeWork\Module_18_Pattern_WPF_HomeWork.csproj", "{AD992E2B-A761-4BC5-85F9-43BC8B98D029}"
EndProject
Project("{FAE04EC0-301F-11D3-BF4B-00C04F79EFBC}") = "WpfApp1", "..\Module_18_Pathern_Console_Lesson\WpfApp1\WpfApp1.csproj", "{B5784E2B-9EF3-4066-8175-AE8E3510FAFD}"
EndProject
Project("{FAE04EC0-301F-11D3-BF4B-00C04F79EFBC}") = "ClassLibrary1", "..\Module_18_Pathern_Console_Lesson\ClassLibrary1\ClassLibrary1.csproj", "{5435A6E2-33D8-4C0A-9B70-E01DA72A395D}"
EndProject
Global
	GlobalSection(SolutionConfigurationPlatforms) = preSolution
		Debug|Any CPU = Debug|Any CPU
		Release|Any CPU = Release|Any CPU
	EndGlobalSection
	GlobalSection(ProjectConfigurationPlatforms) = postSolution
		{AD992E2B-A761-4BC5-85F9-43BC8B98D029}.Debug|Any CPU.ActiveCfg = Debug|Any CPU
		{AD992E2B-A761-4BC5-85F9-43BC8B98D029}.Debug|Any CPU.Build.0 = Debug|Any CPU
		{AD992E2B-A761-4BC5-85F9-43BC8B98D029}.Release|Any CPU.ActiveCfg = Release|Any CPU
		{AD992E2B-A761-4BC5-85F9-43BC8B98D029}.Release|Any CPU.Build.0 = Release|Any CPU
		{B5784E2B-9EF3-4066-8175-AE8E3510FAFD}.Debug|Any CPU.ActiveCfg = Debug|Any CPU
		{B5784E2B-9EF3-4066-8175-AE8E3510FAFD}.Debug|Any CPU.Build.0 = Debug|Any CPU
		{B5784E2B-9EF3-4066-8175-AE8E3510FAFD}.Release|Any CPU.ActiveCfg = Release|Any CPU
		{B5784E2B-9EF3-4066-8175-AE8E3510FAFD}.Release|Any CPU.Build.0 = Release|Any CPU
		{5435A6E2-33D8-4C0A-9B70-E01DA72A395D}.Debug|Any CPU.ActiveCfg = Debug|Any CPU
		{5435A6E2-33D8-4C0A-9B70-E01DA72A395D}.Debug|Any CPU.Build.0 = Debug|Any CPU
		{5435A6E2-33D8-4C0A-9B70-E01DA72A395D}.Release|Any CPU.ActiveCfg = Release|Any CPU
		{5435A6E2-33D8-4C0A-9B70-E01DA72A395D}.Release|Any CPU.Build.0 = Release|Any CPU
	EndGlobalSection
	GlobalSection(SolutionProperties) = preSolution
		HideSolutionNode = FALSE
	EndGlobalSection
	GlobalSection(ExtensibilityGlobals) = postSolution
		SolutionGuid = {F03B9374-CC27-49F4-8CB0-E4A80F90790E}
	EndGlobalSection
EndGlobal
